
Microsoft Visual Studio Solution File, Format Version 12.00
# Visual Studio Version 17
VisualStudioVersion = 17.8.34330.188
MinimumVisualStudioVersion = 10.0.40219.1
Project("{2150E333-8FDC-42A3-9474-1A3956D46DE8}") = "src", "src", "{B551CDF9-D560-417C-992B-95625E1D6ABE}"
EndProject
Project("{9A19103F-16F7-4668-BE54-9A1E7A4F7556}") = "Bank.WebApi", "src\Bank.WebApi\Bank.WebApi.csproj", "{F435DDB6-18EF-4FEA-9FB4-CE24249DA22D}"
EndProject
Project("{2150E333-8FDC-42A3-9474-1A3956D46DE8}") = "tests", "tests", "{0F223A4F-0CCC-49FD-8351-7C8442A808A8}"
EndProject
Project("{FAE04EC0-301F-11D3-BF4B-00C04F79EFBC}") = "Domain", "src\Domain\Domain.csproj", "{9A977405-F79E-4904-BE6B-B250B9E6EB71}"
EndProject
Project("{FAE04EC0-301F-11D3-BF4B-00C04F79EFBC}") = "Application", "src\Application\Application.csproj", "{9AACBBFF-E3DE-4FD6-9F81-253FD06568CA}"
EndProject
Project("{FAE04EC0-301F-11D3-BF4B-00C04F79EFBC}") = "Infrastructure", "src\Infrastructure\Infrastructure.csproj", "{370A07B0-A013-4113-A736-0C36FC6127BE}"
EndProject
Global
	GlobalSection(SolutionConfigurationPlatforms) = preSolution
		Debug|Any CPU = Debug|Any CPU
		Release|Any CPU = Release|Any CPU
	EndGlobalSection
	GlobalSection(ProjectConfigurationPlatforms) = postSolution
		{F435DDB6-18EF-4FEA-9FB4-CE24249DA22D}.Debug|Any CPU.ActiveCfg = Debug|Any CPU
		{F435DDB6-18EF-4FEA-9FB4-CE24249DA22D}.Debug|Any CPU.Build.0 = Debug|Any CPU
		{F435DDB6-18EF-4FEA-9FB4-CE24249DA22D}.Release|Any CPU.ActiveCfg = Release|Any CPU
		{F435DDB6-18EF-4FEA-9FB4-CE24249DA22D}.Release|Any CPU.Build.0 = Release|Any CPU
		{9A977405-F79E-4904-BE6B-B250B9E6EB71}.Debug|Any CPU.ActiveCfg = Debug|Any CPU
		{9A977405-F79E-4904-BE6B-B250B9E6EB71}.Debug|Any CPU.Build.0 = Debug|Any CPU
		{9A977405-F79E-4904-BE6B-B250B9E6EB71}.Release|Any CPU.ActiveCfg = Release|Any CPU
		{9A977405-F79E-4904-BE6B-B250B9E6EB71}.Release|Any CPU.Build.0 = Release|Any CPU
		{9AACBBFF-E3DE-4FD6-9F81-253FD06568CA}.Debug|Any CPU.ActiveCfg = Debug|Any CPU
		{9AACBBFF-E3DE-4FD6-9F81-253FD06568CA}.Debug|Any CPU.Build.0 = Debug|Any CPU
		{9AACBBFF-E3DE-4FD6-9F81-253FD06568CA}.Release|Any CPU.ActiveCfg = Release|Any CPU
		{9AACBBFF-E3DE-4FD6-9F81-253FD06568CA}.Release|Any CPU.Build.0 = Release|Any CPU
		{370A07B0-A013-4113-A736-0C36FC6127BE}.Debug|Any CPU.ActiveCfg = Debug|Any CPU
		{370A07B0-A013-4113-A736-0C36FC6127BE}.Debug|Any CPU.Build.0 = Debug|Any CPU
		{370A07B0-A013-4113-A736-0C36FC6127BE}.Release|Any CPU.ActiveCfg = Release|Any CPU
		{370A07B0-A013-4113-A736-0C36FC6127BE}.Release|Any CPU.Build.0 = Release|Any CPU
	EndGlobalSection
	GlobalSection(SolutionProperties) = preSolution
		HideSolutionNode = FALSE
	EndGlobalSection
	GlobalSection(NestedProjects) = preSolution
		{F435DDB6-18EF-4FEA-9FB4-CE24249DA22D} = {B551CDF9-D560-417C-992B-95625E1D6ABE}
		{9A977405-F79E-4904-BE6B-B250B9E6EB71} = {B551CDF9-D560-417C-992B-95625E1D6ABE}
		{9AACBBFF-E3DE-4FD6-9F81-253FD06568CA} = {B551CDF9-D560-417C-992B-95625E1D6ABE}
		{370A07B0-A013-4113-A736-0C36FC6127BE} = {B551CDF9-D560-417C-992B-95625E1D6ABE}
	EndGlobalSection
	GlobalSection(ExtensibilityGlobals) = postSolution
		SolutionGuid = {D4D16E36-EABC-4482-9577-A6115BCB509D}
	EndGlobalSection
EndGlobal
